
Microsoft Visual Studio Solution File, Format Version 12.00
# Visual Studio Version 17
VisualStudioVersion = 17.7.34202.233
MinimumVisualStudioVersion = 10.0.40219.1
Project("{FAE04EC0-301F-11D3-BF4B-00C04F79EFBC}") = "laba4", "laba4\laba4.csproj", "{BCFED539-325D-4849-9ACA-3CC6A729FE3D}"
EndProject
Global
	GlobalSection(SolutionConfigurationPlatforms) = preSolution
		Debug|Any CPU = Debug|Any CPU
		Release|Any CPU = Release|Any CPU
	EndGlobalSection
	GlobalSection(ProjectConfigurationPlatforms) = postSolution
		{BCFED539-325D-4849-9ACA-3CC6A729FE3D}.Debug|Any CPU.ActiveCfg = Debug|Any CPU
		{BCFED539-325D-4849-9ACA-3CC6A729FE3D}.Debug|Any CPU.Build.0 = Debug|Any CPU
		{BCFED539-325D-4849-9ACA-3CC6A729FE3D}.Release|Any CPU.ActiveCfg = Release|Any CPU
		{BCFED539-325D-4849-9ACA-3CC6A729FE3D}.Release|Any CPU.Build.0 = Release|Any CPU
	EndGlobalSection
	GlobalSection(SolutionProperties) = preSolution
		HideSolutionNode = FALSE
	EndGlobalSection
	GlobalSection(ExtensibilityGlobals) = postSolution
		SolutionGuid = {047EC9E6-E1F7-4BF3-8FBB-6B81C99D3051}
	EndGlobalSection
EndGlobal
